
Microsoft Visual Studio Solution File, Format Version 12.00
# Visual Studio Version 17
VisualStudioVersion = 17.7.34221.43
MinimumVisualStudioVersion = 10.0.40219.1
Project("{FAE04EC0-301F-11D3-BF4B-00C04F79EFBC}") = "BGT_GORSEL_21Ara-2", "BGT_GORSEL_21Ara-2\BGT_GORSEL_21Ara-2.csproj", "{AF49AB8F-CE4C-4729-8230-C558A1E60F27}"
EndProject
Global
	GlobalSection(SolutionConfigurationPlatforms) = preSolution
		Debug|Any CPU = Debug|Any CPU
		Release|Any CPU = Release|Any CPU
	EndGlobalSection
	GlobalSection(ProjectConfigurationPlatforms) = postSolution
		{AF49AB8F-CE4C-4729-8230-C558A1E60F27}.Debug|Any CPU.ActiveCfg = Debug|Any CPU
		{AF49AB8F-CE4C-4729-8230-C558A1E60F27}.Debug|Any CPU.Build.0 = Debug|Any CPU
		{AF49AB8F-CE4C-4729-8230-C558A1E60F27}.Release|Any CPU.ActiveCfg = Release|Any CPU
		{AF49AB8F-CE4C-4729-8230-C558A1E60F27}.Release|Any CPU.Build.0 = Release|Any CPU
	EndGlobalSection
	GlobalSection(SolutionProperties) = preSolution
		HideSolutionNode = FALSE
	EndGlobalSection
	GlobalSection(ExtensibilityGlobals) = postSolution
		SolutionGuid = {7D88B30F-1739-4F21-9550-98A14DD40E76}
	EndGlobalSection
EndGlobal
